# This file is generated by running "yarn install" inside your project.
# Manual changes might be lost - proceed with caution!

__metadata:
  version: 6
  cacheKey: 8

"@babel/code-frame@npm:^7.27.1":
  version: 7.27.1
  resolution: "@babel/code-frame@npm:7.27.1"
  dependencies:
    "@babel/helper-validator-identifier": ^7.27.1
    js-tokens: ^4.0.0
    picocolors: ^1.1.1
  checksum: 5874edc5d37406c4a0bb14cf79c8e51ad412fb0423d176775ac14fc0259831be1bf95bdda9c2aa651126990505e09a9f0ed85deaa99893bc316d2682c5115bdc
  languageName: node
  linkType: hard

"@babel/compat-data@npm:^7.27.2":
  version: 7.28.4
  resolution: "@babel/compat-data@npm:7.28.4"
  checksum: 9f6f5289bbe5a29e3f9c737577a797205a91f19371b50af8942257d9cb590d44eb950154e4f2a3d5de4105f97a49d6fbc8daebe0db1e6eee04f5a4bf73536bfc
  languageName: node
  linkType: hard

"@babel/core@npm:^7.28.3":
  version: 7.28.4
  resolution: "@babel/core@npm:7.28.4"
  dependencies:
    "@babel/code-frame": ^7.27.1
    "@babel/generator": ^7.28.3
    "@babel/helper-compilation-targets": ^7.27.2
    "@babel/helper-module-transforms": ^7.28.3
    "@babel/helpers": ^7.28.4
    "@babel/parser": ^7.28.4
    "@babel/template": ^7.27.2
    "@babel/traverse": ^7.28.4
    "@babel/types": ^7.28.4
    "@jridgewell/remapping": ^2.3.5
    convert-source-map: ^2.0.0
    debug: ^4.1.0
    gensync: ^1.0.0-beta.2
    json5: ^2.2.3
    semver: ^6.3.1
  checksum: f55b90b2c61a6461f5c0ccab74d32af9c67448c43c629529ba7ec3c61d87fa8c408cc9305bfb1f5b09e671d25436d44eaf75c48dee5dc0a5c5e21c01290f5134
  languageName: node
  linkType: hard

"@babel/generator@npm:^7.28.3":
  version: 7.28.3
  resolution: "@babel/generator@npm:7.28.3"
  dependencies:
    "@babel/parser": ^7.28.3
    "@babel/types": ^7.28.2
    "@jridgewell/gen-mapping": ^0.3.12
    "@jridgewell/trace-mapping": ^0.3.28
    jsesc: ^3.0.2
  checksum: e2202bf2b9c8a94f7e7a0a049fda0ee037d055c46922e85afa3bbc53309113f859b8193894f991045d7865226028b8f4f06152ed315ab414451932016dba5e42
  languageName: node
  linkType: hard

"@babel/helper-compilation-targets@npm:^7.27.2":
  version: 7.27.2
  resolution: "@babel/helper-compilation-targets@npm:7.27.2"
  dependencies:
    "@babel/compat-data": ^7.27.2
    "@babel/helper-validator-option": ^7.27.1
    browserslist: ^4.24.0
    lru-cache: ^5.1.1
    semver: ^6.3.1
  checksum: 7b95328237de85d7af1dea010a4daa28e79f961dda48b652860d5893ce9b136fc8b9ea1f126d8e0a24963b09ba5c6631dcb907b4ce109b04452d34a6ae979807
  languageName: node
  linkType: hard

"@babel/helper-globals@npm:^7.28.0":
  version: 7.28.0
  resolution: "@babel/helper-globals@npm:7.28.0"
  checksum: d8d7b91c12dad1ee747968af0cb73baf91053b2bcf78634da2c2c4991fb45ede9bd0c8f9b5f3254881242bc0921218fcb7c28ae885477c25177147e978ce4397
  languageName: node
  linkType: hard

"@babel/helper-module-imports@npm:^7.27.1":
  version: 7.27.1
  resolution: "@babel/helper-module-imports@npm:7.27.1"
  dependencies:
    "@babel/traverse": ^7.27.1
    "@babel/types": ^7.27.1
  checksum: 92d01c71c0e4aacdc2babce418a9a1a27a8f7d770a210ffa0f3933f321befab18b655bc1241bebc40767516731de0b85639140c42e45a8210abe1e792f115b28
  languageName: node
  linkType: hard

"@babel/helper-module-transforms@npm:^7.28.3":
  version: 7.28.3
  resolution: "@babel/helper-module-transforms@npm:7.28.3"
  dependencies:
    "@babel/helper-module-imports": ^7.27.1
    "@babel/helper-validator-identifier": ^7.27.1
    "@babel/traverse": ^7.28.3
  peerDependencies:
    "@babel/core": ^7.0.0
  checksum: 7cf7b79da0fa626d6c84bfc7b35c079a2559caecaa2ff645b0f1db0d741507aa4df6b5b98a3283e8ac4e89094af271d805bf5701e5c4f916e622797b7c8cbb18
  languageName: node
  linkType: hard

"@babel/helper-plugin-utils@npm:^7.22.5":
  version: 7.22.5
  resolution: "@babel/helper-plugin-utils@npm:7.22.5"
  checksum: c0fc7227076b6041acd2f0e818145d2e8c41968cc52fb5ca70eed48e21b8fe6dd88a0a91cbddf4951e33647336eb5ae184747ca706817ca3bef5e9e905151ff5
  languageName: node
  linkType: hard

"@babel/helper-string-parser@npm:^7.27.1":
  version: 7.27.1
  resolution: "@babel/helper-string-parser@npm:7.27.1"
  checksum: 0a8464adc4b39b138aedcb443b09f4005d86207d7126e5e079177e05c3116107d856ec08282b365e9a79a9872f40f4092a6127f8d74c8a01c1ef789dacfc25d6
  languageName: node
  linkType: hard

"@babel/helper-validator-identifier@npm:^7.27.1":
  version: 7.27.1
  resolution: "@babel/helper-validator-identifier@npm:7.27.1"
  checksum: 3c7e8391e59d6c85baeefe9afb86432f2ab821c6232b00ea9082a51d3e7e95a2f3fb083d74dc1f49ac82cf238e1d2295dafcb001f7b0fab479f3f56af5eaaa47
  languageName: node
  linkType: hard

"@babel/helper-validator-option@npm:^7.22.5":
  version: 7.22.5
  resolution: "@babel/helper-validator-option@npm:7.22.5"
  checksum: bbeca8a85ee86990215c0424997438b388b8d642d69b9f86c375a174d3cdeb270efafd1ff128bc7a1d370923d13b6e45829ba8581c027620e83e3a80c5c414b3
  languageName: node
  linkType: hard

"@babel/helper-validator-option@npm:^7.27.1":
  version: 7.27.1
  resolution: "@babel/helper-validator-option@npm:7.27.1"
  checksum: db73e6a308092531c629ee5de7f0d04390835b21a263be2644276cb27da2384b64676cab9f22cd8d8dbd854c92b1d7d56fc8517cf0070c35d1c14a8c828b0903
  languageName: node
  linkType: hard

"@babel/helpers@npm:^7.28.4":
  version: 7.28.4
  resolution: "@babel/helpers@npm:7.28.4"
  dependencies:
    "@babel/template": ^7.27.2
    "@babel/types": ^7.28.4
  checksum: a8706219e0bd60c18bbb8e010aa122e9b14e7e7e67c21cc101e6f1b5e79dcb9a18d674f655997f85daaf421aa138cf284710bb04371a2255a0a3137f097430b4
  languageName: node
  linkType: hard

"@babel/parser@npm:^7.27.2, @babel/parser@npm:^7.28.3, @babel/parser@npm:^7.28.4":
  version: 7.28.4
  resolution: "@babel/parser@npm:7.28.4"
  dependencies:
    "@babel/types": ^7.28.4
  bin:
    parser: ./bin/babel-parser.js
  checksum: d95e283fe1153039b396926ef567ca1ab114afb5c732a23bbcbbd0465ac59971aeb6a63f37593ce7671a52d34ec52b23008c999d68241b42d26928c540464063
  languageName: node
  linkType: hard

"@babel/plugin-syntax-flow@npm:^7.22.5":
  version: 7.22.5
  resolution: "@babel/plugin-syntax-flow@npm:7.22.5"
  dependencies:
    "@babel/helper-plugin-utils": ^7.22.5
  peerDependencies:
    "@babel/core": ^7.0.0-0
  checksum: 84c8c40fcfe8e78cecdd6fb90e8f97f419e3f3b27a33de8324ae97d5ce1b87cdd98a636fa21a68d4d2c37c7d63f3a279bb84b6956b849921affed6b806b6ffe7
  languageName: node
  linkType: hard

"@babel/plugin-transform-flow-strip-types@npm:^7.22.5":
  version: 7.22.5
  resolution: "@babel/plugin-transform-flow-strip-types@npm:7.22.5"
  dependencies:
    "@babel/helper-plugin-utils": ^7.22.5
    "@babel/plugin-syntax-flow": ^7.22.5
  peerDependencies:
    "@babel/core": ^7.0.0-0
  checksum: 1ba48187d6f33814be01c6870489f0b1858256cf2b9dd7e62f02af8b30049bf375112f1d44692c5fed3cb9cd26ee2fb32e358cd79b6ad2360a51e8f993e861bf
  languageName: node
  linkType: hard

"@babel/preset-flow@npm:^7.0.0":
  version: 7.22.5
  resolution: "@babel/preset-flow@npm:7.22.5"
  dependencies:
    "@babel/helper-plugin-utils": ^7.22.5
    "@babel/helper-validator-option": ^7.22.5
    "@babel/plugin-transform-flow-strip-types": ^7.22.5
  peerDependencies:
    "@babel/core": ^7.0.0-0
  checksum: 0bf6f587e952f8945d348cf0f25cbc3e50697f2cdc4e1394badfb76cfdde0cc2f2c9250bda3d28ecc6c196b89de7c8e72b8ffbf3086e604b959cce352dd2b34e
  languageName: node
  linkType: hard

"@babel/template@npm:^7.27.2":
  version: 7.27.2
  resolution: "@babel/template@npm:7.27.2"
  dependencies:
    "@babel/code-frame": ^7.27.1
    "@babel/parser": ^7.27.2
    "@babel/types": ^7.27.1
  checksum: ff5628bc066060624afd970616090e5bba91c6240c2e4b458d13267a523572cbfcbf549391eec8217b94b064cf96571c6273f0c04b28a8567b96edc675c28e27
  languageName: node
  linkType: hard

"@babel/traverse@npm:^7.27.1, @babel/traverse@npm:^7.28.3, @babel/traverse@npm:^7.28.4":
  version: 7.28.4
  resolution: "@babel/traverse@npm:7.28.4"
  dependencies:
    "@babel/code-frame": ^7.27.1
    "@babel/generator": ^7.28.3
    "@babel/helper-globals": ^7.28.0
    "@babel/parser": ^7.28.4
    "@babel/template": ^7.27.2
    "@babel/types": ^7.28.4
    debug: ^4.3.1
  checksum: d603b8ce4e55ba4fc7b28d3362cc2b1b20bc887e471c8a59fe87b2578c26803c9ef8fcd118081dd8283ea78e0e9a6df9d88c8520033c6aaf81eec30d2a669151
  languageName: node
  linkType: hard

"@babel/types@npm:^7.27.1, @babel/types@npm:^7.28.2, @babel/types@npm:^7.28.4":
  version: 7.28.4
  resolution: "@babel/types@npm:7.28.4"
  dependencies:
    "@babel/helper-string-parser": ^7.27.1
    "@babel/helper-validator-identifier": ^7.27.1
  checksum: a369b4fb73415a2ed902a15576b49696ae9777ddee394a7a904c62e6fbb31f43906b0147ae0b8f03ac17f20c248eac093df349e33c65c94617b12e524b759694
  languageName: node
  linkType: hard

"@jridgewell/gen-mapping@npm:^0.3.12, @jridgewell/gen-mapping@npm:^0.3.5":
  version: 0.3.13
  resolution: "@jridgewell/gen-mapping@npm:0.3.13"
  dependencies:
    "@jridgewell/sourcemap-codec": ^1.5.0
    "@jridgewell/trace-mapping": ^0.3.24
  checksum: f2105acefc433337145caa3c84bba286de954f61c0bc46279bbd85a9e6a02871089717fa060413cfb6a9d44189fe8313b2d1cabf3a2eb3284d208fd5f75c54ff
  languageName: node
  linkType: hard

"@jridgewell/remapping@npm:^2.3.5":
  version: 2.3.5
  resolution: "@jridgewell/remapping@npm:2.3.5"
  dependencies:
    "@jridgewell/gen-mapping": ^0.3.5
    "@jridgewell/trace-mapping": ^0.3.24
  checksum: 4a66a7397c3dc9c6b5c14a0024b1f98c5e1d90a0dbc1e5955b5038f2db339904df2a0ee8a66559fafb4fc23ff33700a2639fd40bbdd2e9e82b58b3bdf83738e3
  languageName: node
  linkType: hard

"@jridgewell/resolve-uri@npm:^3.1.0":
  version: 3.1.2
  resolution: "@jridgewell/resolve-uri@npm:3.1.2"
  checksum: 83b85f72c59d1c080b4cbec0fef84528963a1b5db34e4370fa4bd1e3ff64a0d80e0cee7369d11d73c704e0286fb2865b530acac7a871088fbe92b5edf1000870
  languageName: node
  linkType: hard

"@jridgewell/sourcemap-codec@npm:^1.4.14, @jridgewell/sourcemap-codec@npm:^1.5.0":
  version: 1.5.5
  resolution: "@jridgewell/sourcemap-codec@npm:1.5.5"
  checksum: c2e36e67971f719a8a3a85ef5a5f580622437cc723c35d03ebd0c9c0b06418700ef006f58af742791f71f6a4fc68fcfaf1f6a74ec2f9a3332860e9373459dae7
  languageName: node
  linkType: hard

"@jridgewell/trace-mapping@npm:^0.3.24, @jridgewell/trace-mapping@npm:^0.3.28":
  version: 0.3.30
  resolution: "@jridgewell/trace-mapping@npm:0.3.30"
  dependencies:
    "@jridgewell/resolve-uri": ^3.1.0
    "@jridgewell/sourcemap-codec": ^1.4.14
  checksum: 26edb94faf6f02df346e3657deff9df3f2f083195cbda62a6cf60204d548a0a6134454cbc3af8437392206a89dfb3e72782eaf78f49cbd8924400e55a6575e72
  languageName: node
  linkType: hard

"browserslist@npm:^4.24.0":
  version: 4.25.4
  resolution: "browserslist@npm:4.25.4"
  dependencies:
    caniuse-lite: ^1.0.30001737
    electron-to-chromium: ^1.5.211
    node-releases: ^2.0.19
    update-browserslist-db: ^1.1.3
  bin:
    browserslist: cli.js
  checksum: 936db8d7801576a93bc47f0ecd5a2d8424417bd62e0c94dbd7e6aa02493108e4362b4140d1904c070bcc64430c4d6987980fa02b75d38839db75af3951ce3605
  languageName: node
  linkType: hard

"caniuse-lite@npm:^1.0.30001737":
  version: 1.0.30001741
  resolution: "caniuse-lite@npm:1.0.30001741"
  checksum: 0f2e90e1418a0b35923735420a0a0f9d2aa91eb6e0e2ae955e386155b402892ed4aa9996aae644b9f0cf2cf6a2af52c9467d4f8fc1d1710e8e4c961f12bdec67
  languageName: node
  linkType: hard

"convert-source-map@npm:^2.0.0":
  version: 2.0.0
  resolution: "convert-source-map@npm:2.0.0"
  checksum: 63ae9933be5a2b8d4509daca5124e20c14d023c820258e484e32dc324d34c2754e71297c94a05784064ad27615037ef677e3f0c00469fb55f409d2bb21261035
  languageName: node
  linkType: hard

"debug@npm:^4.1.0":
  version: 4.3.4
  resolution: "debug@npm:4.3.4"
  dependencies:
    ms: 2.1.2
  peerDependenciesMeta:
    supports-color:
      optional: true
  checksum: 3dbad3f94ea64f34431a9cbf0bafb61853eda57bff2880036153438f50fb5a84f27683ba0d8e5426bf41a8c6ff03879488120cf5b3a761e77953169c0600a708
  languageName: node
  linkType: hard

"debug@npm:^4.3.1":
  version: 4.4.1
  resolution: "debug@npm:4.4.1"
  dependencies:
    ms: ^2.1.3
  peerDependenciesMeta:
    supports-color:
      optional: true
  checksum: a43826a01cda685ee4cec00fb2d3322eaa90ccadbef60d9287debc2a886be3e835d9199c80070ede75a409ee57828c4c6cd80e4b154f2843f0dc95a570dc0729
  languageName: node
  linkType: hard

"electron-to-chromium@npm:^1.5.211":
  version: 1.5.214
  resolution: "electron-to-chromium@npm:1.5.214"
  checksum: e996a9f94ab7599489069aef4ddf1098d4c43871998ff80d4e388b927eaf7593bdb3dfcc4fda5d33ffd2f48b28f19f8aa73bca784da277091112c1b50e3b8128
  languageName: node
  linkType: hard

"escalade@npm:^3.2.0":
  version: 3.2.0
  resolution: "escalade@npm:3.2.0"
  checksum: 47b029c83de01b0d17ad99ed766347b974b0d628e848de404018f3abee728e987da0d2d370ad4574aa3d5b5bfc368754fd085d69a30f8e75903486ec4b5b709e
  languageName: node
  linkType: hard

"gensync@npm:^1.0.0-beta.2":
  version: 1.0.0-beta.2
  resolution: "gensync@npm:1.0.0-beta.2"
  checksum: a7437e58c6be12aa6c90f7730eac7fa9833dc78872b4ad2963d2031b00a3367a93f98aec75f9aaac7220848e4026d67a8655e870b24f20a543d103c0d65952ec
  languageName: node
  linkType: hard

"js-tokens@npm:^4.0.0":
  version: 4.0.0
  resolution: "js-tokens@npm:4.0.0"
  checksum: 8a95213a5a77deb6cbe94d86340e8d9ace2b93bc367790b260101d2f36a2eaf4e4e22d9fa9cf459b38af3a32fb4190e638024cf82ec95ef708680e405ea7cc78
  languageName: node
  linkType: hard

"jsesc@npm:^3.0.2":
  version: 3.1.0
  resolution: "jsesc@npm:3.1.0"
  bin:
    jsesc: bin/jsesc
  checksum: 19c94095ea026725540c0d29da33ab03144f6bcf2d4159e4833d534976e99e0c09c38cefa9a575279a51fc36b31166f8d6d05c9fe2645d5f15851d690b41f17f
  languageName: node
  linkType: hard

"json5@npm:^2.2.3":
  version: 2.2.3
  resolution: "json5@npm:2.2.3"
  bin:
    json5: lib/cli.js
  checksum: 2a7436a93393830bce797d4626275152e37e877b265e94ca69c99e3d20c2b9dab021279146a39cdb700e71b2dd32a4cebd1514cd57cee102b1af906ce5040349
  languageName: node
  linkType: hard

"lru-cache@npm:^5.1.1":
  version: 5.1.1
  resolution: "lru-cache@npm:5.1.1"
  dependencies:
    yallist: ^3.0.2
  checksum: c154ae1cbb0c2206d1501a0e94df349653c92c8cbb25236d7e85190bcaf4567a03ac6eb43166fabfa36fd35623694da7233e88d9601fbf411a9a481d85dbd2cb
  languageName: node
  linkType: hard

"ms@npm:2.1.2":
  version: 2.1.2
  resolution: "ms@npm:2.1.2"
  checksum: 673cdb2c3133eb050c745908d8ce632ed2c02d85640e2edb3ace856a2266a813b30c613569bf3354fdf4ea7d1a1494add3bfa95e2713baa27d0c2c71fc44f58f
  languageName: node
  linkType: hard

"ms@npm:^2.1.3":
  version: 2.1.3
  resolution: "ms@npm:2.1.3"
  checksum: aa92de608021b242401676e35cfa5aa42dd70cbdc082b916da7fb925c542173e36bce97ea3e804923fe92c0ad991434e4a38327e15a1b5b5f945d66df615ae6d
  languageName: node
  linkType: hard

"node-releases@npm:^2.0.19":
  version: 2.0.20
  resolution: "node-releases@npm:2.0.20"
  checksum: 2a0a6e1505e0a5fad1b82de1779ca98c4950f1e2450afe18ccb5d00bf745104b017bf87db31a00bd0c017abcc24b11ed0ef5bd77a71fa7c19ee64394576c40ef
  languageName: node
  linkType: hard

"picocolors@npm:^1.1.1":
  version: 1.1.1
  resolution: "picocolors@npm:1.1.1"
  checksum: e1cf46bf84886c79055fdfa9dcb3e4711ad259949e3565154b004b260cd356c5d54b31a1437ce9782624bf766272fe6b0154f5f0c744fb7af5d454d2b60db045
  languageName: node
  linkType: hard

"root-workspace-0b6124@workspace:.":
  version: 0.0.0-use.local
  resolution: "root-workspace-0b6124@workspace:."
  dependencies:
    "@babel/core": ^7.28.3
    "@babel/preset-flow": ^7.0.0
  languageName: unknown
  linkType: soft

"semver@npm:^6.3.1":
  version: 6.3.1
  resolution: "semver@npm:6.3.1"
  bin:
    semver: bin/semver.js
  checksum: ae47d06de28836adb9d3e25f22a92943477371292d9b665fb023fae278d345d508ca1958232af086d85e0155aee22e313e100971898bbb8d5d89b8b1d4054ca2
  languageName: node
  linkType: hard

"update-browserslist-db@npm:^1.1.3":
  version: 1.1.3
  resolution: "update-browserslist-db@npm:1.1.3"
  dependencies:
    escalade: ^3.2.0
    picocolors: ^1.1.1
  peerDependencies:
    browserslist: ">= 4.21.0"
  bin:
    update-browserslist-db: cli.js
  checksum: 7b6d8d08c34af25ee435bccac542bedcb9e57c710f3c42421615631a80aa6dd28b0a81c9d2afbef53799d482fb41453f714b8a7a0a8003e3b4ec8fb1abb819af
  languageName: node
  linkType: hard

"yallist@npm:^3.0.2":
  version: 3.1.1
  resolution: "yallist@npm:3.1.1"
  checksum: 48f7bb00dc19fc635a13a39fe547f527b10c9290e7b3e836b9a8f1ca04d4d342e85714416b3c2ab74949c9c66f9cebb0473e6bc353b79035356103b47641285d
  languageName: node
  linkType: hard
