# This file is generated by running "yarn install" inside your project.
# Manual changes might be lost - proceed with caution!

__metadata:
  version: 6
  cacheKey: 8

"root-workspace-0b6124@workspace:.":
  version: 0.0.0-use.local
  resolution: "root-workspace-0b6124@workspace:."
  dependencies:
    typescript: ^5.8.3
  languageName: unknown
  linkType: soft

"typescript@npm:^5.8.3":
  version: 5.9.2
  resolution: "typescript@npm:5.9.2"
  bin:
    tsc: bin/tsc
    tsserver: bin/tsserver
  checksum: f619cf6773cfe31409279711afd68cdf0859780006c50bc2a7a0c3227f85dea89a3b97248846326f3a17dad72ea90ec27cf61a8387772c680b2252fd02d8497b
  languageName: node
  linkType: hard

"typescript@patch:typescript@^5.8.3#~builtin<compat/typescript>":
  version: 5.9.2
  resolution: "typescript@patch:typescript@npm%3A5.9.2#~builtin<compat/typescript>::version=5.9.2&hash=701156"
  bin:
    tsc: bin/tsc
    tsserver: bin/tsserver
  checksum: e42a701947325500008334622321a6ad073f842f5e7d5e7b588a6346b31fdf51d56082b9ce5cef24312ecd3e48d6c0d4d44da7555f65e2feec18cf62ec540385
  languageName: node
  linkType: hard
