# This file is generated by running "yarn install" inside your project.
# Manual changes might be lost - proceed with caution!

__metadata:
  version: 6
  cacheKey: 8

"@colors/colors@npm:1.6.0, @colors/colors@npm:^1.6.0":
  version: 1.6.0
  resolution: "@colors/colors@npm:1.6.0"
  checksum: aa209963e0c3218e80a4a20553ba8c0fbb6fa13140540b4e5f97923790be06801fc90172c1114fc8b7e888b3d012b67298cde6b9e81521361becfaee400c662f
  languageName: node
  linkType: hard

"@dabh/diagnostics@npm:^2.0.8":
  version: 2.0.8
  resolution: "@dabh/diagnostics@npm:2.0.8"
  dependencies:
    "@so-ric/colorspace": ^1.1.6
    enabled: 2.0.x
    kuler: ^2.0.0
  checksum: 5f8a0394bb65b0df7316fe6272ecb351d5ad087f7febd2368c83917de03e7827d17132d8eddc4c602733f812a9cf6b9e204442816992d4241c9f1ec0337cea4a
  languageName: node
  linkType: hard

"@so-ric/colorspace@npm:^1.1.6":
  version: 1.1.6
  resolution: "@so-ric/colorspace@npm:1.1.6"
  dependencies:
    color: ^5.0.2
    text-hex: 1.0.x
  checksum: 893abfe47f2c23c71716c53bec6b3f700b11563d6993afb2eca1445b694cc0daf839353c0663a6139a1223289b73c629e5e9ccfcf54294b5eec1a6bc77f997de
  languageName: node
  linkType: hard

"@types/triple-beam@npm:^1.3.2":
  version: 1.3.2
  resolution: "@types/triple-beam@npm:1.3.2"
  checksum: dd7b4a563fb710abc992e5d59eac481bed9e303fada2e276e37b00be31c392e03300ee468e57761e616512872e77935f92472877d0704a19688d15a726cee17b
  languageName: node
  linkType: hard

"async@npm:^3.2.3":
  version: 3.2.4
  resolution: "async@npm:3.2.4"
  checksum: 43d07459a4e1d09b84a20772414aa684ff4de085cbcaec6eea3c7a8f8150e8c62aa6cd4e699fe8ee93c3a5b324e777d34642531875a0817a35697522c1b02e89
  languageName: node
  linkType: hard

"color-convert@npm:^3.1.3":
  version: 3.1.3
  resolution: "color-convert@npm:3.1.3"
  dependencies:
    color-name: ^2.0.0
  checksum: 5133952b53c76dfb0f1d9d19b21efa1394cc9a9e0ae8556c6ac366bfe8dd806ddd88448eb23a2dc6f671c85b29290ab547052c6e1c9cb165e14c38a933d327f3
  languageName: node
  linkType: hard

"color-name@npm:^2.0.0":
  version: 2.1.0
  resolution: "color-name@npm:2.1.0"
  checksum: eb014f71d87408e318e95d3f554f188370d354ba8e0ffa4341d0fd19de391bfe2bc96e563d4f6614644d676bc24f475560dffee3fe310c2d6865d007410a9a2b
  languageName: node
  linkType: hard

"color-string@npm:^2.1.3":
  version: 2.1.4
  resolution: "color-string@npm:2.1.4"
  dependencies:
    color-name: ^2.0.0
  checksum: f9caa29d529c549febeec813fcc0ecb184ff3dee92cec78f1fd3dfe2c4168fc1b74442efc40e34d2d677470967f570234d11086c3b137d6f9958a8fe12587fde
  languageName: node
  linkType: hard

"color@npm:^5.0.2":
  version: 5.0.3
  resolution: "color@npm:5.0.3"
  dependencies:
    color-convert: ^3.1.3
    color-string: ^2.1.3
  checksum: 2ad337a520f8d702febc45912d7a27417268ea4c56bdbf8121cdb8dad7309e418a7c78f164d7cb59b68bd9e703b5a3bc046cff80051c30e7561f7e726ca207ac
  languageName: node
  linkType: hard

"enabled@npm:2.0.x":
  version: 2.0.0
  resolution: "enabled@npm:2.0.0"
  checksum: 9d256d89f4e8a46ff988c6a79b22fa814b4ffd82826c4fdacd9b42e9b9465709d3b748866d0ab4d442dfc6002d81de7f7b384146ccd1681f6a7f868d2acca063
  languageName: node
  linkType: hard

"fecha@npm:^4.2.0":
  version: 4.2.3
  resolution: "fecha@npm:4.2.3"
  checksum: f94e2fb3acf5a7754165d04549460d3ae6c34830394d20c552197e3e000035d69732d74af04b9bed3283bf29fe2a9ebdcc0085e640b0be3cc3658b9726265e31
  languageName: node
  linkType: hard

"fn.name@npm:1.x.x":
  version: 1.1.0
  resolution: "fn.name@npm:1.1.0"
  checksum: e357144f48cfc9a7f52a82bbc6c23df7c8de639fce049cac41d41d62cabb740cdb9f14eddc6485e29c933104455bdd7a69bb14a9012cef9cd4fa252a4d0cf293
  languageName: node
  linkType: hard

"inherits@npm:^2.0.3":
  version: 2.0.4
  resolution: "inherits@npm:2.0.4"
  checksum: 4a48a733847879d6cf6691860a6b1e3f0f4754176e4d71494c41f3475553768b10f84b5ce1d40fbd0e34e6bfbb864ee35858ad4dd2cf31e02fc4a154b724d7f1
  languageName: node
  linkType: hard

"is-stream@npm:^2.0.0":
  version: 2.0.1
  resolution: "is-stream@npm:2.0.1"
  checksum: b8e05ccdf96ac330ea83c12450304d4a591f9958c11fd17bed240af8d5ffe08aedafa4c0f4cfccd4d28dc9d4d129daca1023633d5c11601a6cbc77521f6fae66
  languageName: node
  linkType: hard

"kuler@npm:^2.0.0":
  version: 2.0.0
  resolution: "kuler@npm:2.0.0"
  checksum: 9e10b5a1659f9ed8761d38df3c35effabffbd19fc6107324095238e4ef0ff044392cae9ac64a1c2dda26e532426485342226b93806bd97504b174b0dcf04ed81
  languageName: node
  linkType: hard

"logform@npm:^2.7.0":
  version: 2.7.0
  resolution: "logform@npm:2.7.0"
  dependencies:
    "@colors/colors": 1.6.0
    "@types/triple-beam": ^1.3.2
    fecha: ^4.2.0
    ms: ^2.1.1
    safe-stable-stringify: ^2.3.1
    triple-beam: ^1.3.0
  checksum: a202d10897254735ead75a640f889998f9b91a0c36be9cac3f5471fa740d36bc2fbbcf9d113dcdadec4ddf09e257393ff800e6aab80019bdc7456363d6ea21f6
  languageName: node
  linkType: hard

"ms@npm:^2.1.1":
  version: 2.1.3
  resolution: "ms@npm:2.1.3"
  checksum: aa92de608021b242401676e35cfa5aa42dd70cbdc082b916da7fb925c542173e36bce97ea3e804923fe92c0ad991434e4a38327e15a1b5b5f945d66df615ae6d
  languageName: node
  linkType: hard

"one-time@npm:^1.0.0":
  version: 1.0.0
  resolution: "one-time@npm:1.0.0"
  dependencies:
    fn.name: 1.x.x
  checksum: fd008d7e992bdec1c67f53a2f9b46381ee12a9b8c309f88b21f0223546003fb47e8ad7c1fd5843751920a8d276c63bd4b45670ef80c61fb3e07dbccc962b5c7d
  languageName: node
  linkType: hard

"readable-stream@npm:^3.4.0, readable-stream@npm:^3.6.2":
  version: 3.6.2
  resolution: "readable-stream@npm:3.6.2"
  dependencies:
    inherits: ^2.0.3
    string_decoder: ^1.1.1
    util-deprecate: ^1.0.1
  checksum: bdcbe6c22e846b6af075e32cf8f4751c2576238c5043169a1c221c92ee2878458a816a4ea33f4c67623c0b6827c8a400409bfb3cf0bf3381392d0b1dfb52ac8d
  languageName: node
  linkType: hard

"root-workspace-0b6124@workspace:.":
  version: 0.0.0-use.local
  resolution: "root-workspace-0b6124@workspace:."
  dependencies:
    winston: ^3.18.3
  languageName: unknown
  linkType: soft

"safe-buffer@npm:~5.2.0":
  version: 5.2.1
  resolution: "safe-buffer@npm:5.2.1"
  checksum: b99c4b41fdd67a6aaf280fcd05e9ffb0813654894223afb78a31f14a19ad220bba8aba1cb14eddce1fcfb037155fe6de4e861784eb434f7d11ed58d1e70dd491
  languageName: node
  linkType: hard

"safe-stable-stringify@npm:^2.3.1":
  version: 2.4.3
  resolution: "safe-stable-stringify@npm:2.4.3"
  checksum: 3aeb64449706ee1f5ad2459fc99648b131d48e7a1fbb608d7c628020177512dc9d94108a5cb61bbc953985d313d0afea6566d243237743e02870490afef04b43
  languageName: node
  linkType: hard

"stack-trace@npm:0.0.x":
  version: 0.0.10
  resolution: "stack-trace@npm:0.0.10"
  checksum: 473036ad32f8c00e889613153d6454f9be0536d430eb2358ca51cad6b95cea08a3cc33cc0e34de66b0dad221582b08ed2e61ef8e13f4087ab690f388362d6610
  languageName: node
  linkType: hard

"string_decoder@npm:^1.1.1":
  version: 1.3.0
  resolution: "string_decoder@npm:1.3.0"
  dependencies:
    safe-buffer: ~5.2.0
  checksum: 8417646695a66e73aefc4420eb3b84cc9ffd89572861fe004e6aeb13c7bc00e2f616247505d2dbbef24247c372f70268f594af7126f43548565c68c117bdeb56
  languageName: node
  linkType: hard

"text-hex@npm:1.0.x":
  version: 1.0.0
  resolution: "text-hex@npm:1.0.0"
  checksum: 1138f68adc97bf4381a302a24e2352f04992b7b1316c5003767e9b0d3367ffd0dc73d65001ea02b07cd0ecc2a9d186de0cf02f3c2d880b8a522d4ccb9342244a
  languageName: node
  linkType: hard

"triple-beam@npm:^1.3.0":
  version: 1.4.1
  resolution: "triple-beam@npm:1.4.1"
  checksum: 2e881a3e8e076b6f2b85b9ec9dd4a900d3f5016e6d21183ed98e78f9abcc0149e7d54d79a3f432b23afde46b0885bdcdcbff789f39bc75de796316961ec07f61
  languageName: node
  linkType: hard

"util-deprecate@npm:^1.0.1":
  version: 1.0.2
  resolution: "util-deprecate@npm:1.0.2"
  checksum: 474acf1146cb2701fe3b074892217553dfcf9a031280919ba1b8d651a068c9b15d863b7303cb15bd00a862b498e6cf4ad7b4a08fb134edd5a6f7641681cb54a2
  languageName: node
  linkType: hard

"winston-transport@npm:^4.9.0":
  version: 4.9.0
  resolution: "winston-transport@npm:4.9.0"
  dependencies:
    logform: ^2.7.0
    readable-stream: ^3.6.2
    triple-beam: ^1.3.0
  checksum: f5fd06a27def7597229925ba2b8b9ffa61b5b8748f994c8325064744e4e36dfea19868a16c16b3806f9b98bb7da67c25f08ae6fba3bdc6db4a9555673474a972
  languageName: node
  linkType: hard

"winston@npm:^3.18.3":
  version: 3.18.3
  resolution: "winston@npm:3.18.3"
  dependencies:
    "@colors/colors": ^1.6.0
    "@dabh/diagnostics": ^2.0.8
    async: ^3.2.3
    is-stream: ^2.0.0
    logform: ^2.7.0
    one-time: ^1.0.0
    readable-stream: ^3.4.0
    safe-stable-stringify: ^2.3.1
    stack-trace: 0.0.x
    triple-beam: ^1.3.0
    winston-transport: ^4.9.0
  checksum: 38c4aba43e3f34a0922076d0e1e739dd67c9640bb1d746ad51d204c7a1186b5baceaf29923a342ee0c7ce533ce0c35765e83ee320c0800e4a10e35b098d4b164
  languageName: node
  linkType: hard
